
Microsoft Visual Studio Solution File, Format Version 12.00
# Visual Studio Version 16
VisualStudioVersion = 16.0.31129.286
MinimumVisualStudioVersion = 10.0.40219.1
Project("{FAE04EC0-301F-11D3-BF4B-00C04F79EFBC}") = "MIT.WebApi", "MIT.WebApi\MIT.WebApi.csproj", "{77540EAD-1448-47BF-BDA8-215B400DD52C}"
EndProject
Project("{2150E333-8FDC-42A3-9474-1A3956D46DE8}") = "src", "src", "{7A400BEB-54D0-42BF-A233-FBB4FB75BD85}"
EndProject
Project("{FAE04EC0-301F-11D3-BF4B-00C04F79EFBC}") = "MIT.Models", "src\MIT.Models\MIT.Models.csproj", "{5FFC4643-5C38-47AA-876E-05CFD8A84DC1}"
EndProject
Project("{FAE04EC0-301F-11D3-BF4B-00C04F79EFBC}") = "MIT.Utils", "src\MIT.Utils\MIT.Utils.csproj", "{3511AA7E-8FD0-4D68-B402-F33DF6E2B2CE}"
EndProject
Project("{FAE04EC0-301F-11D3-BF4B-00C04F79EFBC}") = "MIT.EntityFrameworkCore", "src\MIT.EntityFrameworkCore\MIT.EntityFrameworkCore.csproj", "{8CEF9395-DF5A-4215-9AA7-BFF3D71CBA53}"
EndProject
Global
	GlobalSection(SolutionConfigurationPlatforms) = preSolution
		Debug|Any CPU = Debug|Any CPU
		Release|Any CPU = Release|Any CPU
	EndGlobalSection
	GlobalSection(ProjectConfigurationPlatforms) = postSolution
		{77540EAD-1448-47BF-BDA8-215B400DD52C}.Debug|Any CPU.ActiveCfg = Debug|Any CPU
		{77540EAD-1448-47BF-BDA8-215B400DD52C}.Debug|Any CPU.Build.0 = Debug|Any CPU
		{77540EAD-1448-47BF-BDA8-215B400DD52C}.Release|Any CPU.ActiveCfg = Release|Any CPU
		{77540EAD-1448-47BF-BDA8-215B400DD52C}.Release|Any CPU.Build.0 = Release|Any CPU
		{5FFC4643-5C38-47AA-876E-05CFD8A84DC1}.Debug|Any CPU.ActiveCfg = Debug|Any CPU
		{5FFC4643-5C38-47AA-876E-05CFD8A84DC1}.Debug|Any CPU.Build.0 = Debug|Any CPU
		{5FFC4643-5C38-47AA-876E-05CFD8A84DC1}.Release|Any CPU.ActiveCfg = Release|Any CPU
		{5FFC4643-5C38-47AA-876E-05CFD8A84DC1}.Release|Any CPU.Build.0 = Release|Any CPU
		{3511AA7E-8FD0-4D68-B402-F33DF6E2B2CE}.Debug|Any CPU.ActiveCfg = Debug|Any CPU
		{3511AA7E-8FD0-4D68-B402-F33DF6E2B2CE}.Debug|Any CPU.Build.0 = Debug|Any CPU
		{3511AA7E-8FD0-4D68-B402-F33DF6E2B2CE}.Release|Any CPU.ActiveCfg = Release|Any CPU
		{3511AA7E-8FD0-4D68-B402-F33DF6E2B2CE}.Release|Any CPU.Build.0 = Release|Any CPU
		{8CEF9395-DF5A-4215-9AA7-BFF3D71CBA53}.Debug|Any CPU.ActiveCfg = Debug|Any CPU
		{8CEF9395-DF5A-4215-9AA7-BFF3D71CBA53}.Debug|Any CPU.Build.0 = Debug|Any CPU
		{8CEF9395-DF5A-4215-9AA7-BFF3D71CBA53}.Release|Any CPU.ActiveCfg = Release|Any CPU
		{8CEF9395-DF5A-4215-9AA7-BFF3D71CBA53}.Release|Any CPU.Build.0 = Release|Any CPU
	EndGlobalSection
	GlobalSection(SolutionProperties) = preSolution
		HideSolutionNode = FALSE
	EndGlobalSection
	GlobalSection(NestedProjects) = preSolution
		{5FFC4643-5C38-47AA-876E-05CFD8A84DC1} = {7A400BEB-54D0-42BF-A233-FBB4FB75BD85}
		{3511AA7E-8FD0-4D68-B402-F33DF6E2B2CE} = {7A400BEB-54D0-42BF-A233-FBB4FB75BD85}
		{8CEF9395-DF5A-4215-9AA7-BFF3D71CBA53} = {7A400BEB-54D0-42BF-A233-FBB4FB75BD85}
	EndGlobalSection
	GlobalSection(ExtensibilityGlobals) = postSolution
		SolutionGuid = {57F45194-8A62-4AE4-9D62-5246A0608269}
	EndGlobalSection
EndGlobal
