
Microsoft Visual Studio Solution File, Format Version 12.00
# Visual Studio Version 17
VisualStudioVersion = 17.2.32602.215
MinimumVisualStudioVersion = 10.0.40219.1
Project("{2150E333-8FDC-42A3-9474-1A3956D46DE8}") = "src", "src", "{7A400BEB-54D0-42BF-A233-FBB4FB75BD85}"
EndProject
Project("{2150E333-8FDC-42A3-9474-1A3956D46DE8}") = "tools", "tools", "{C4F6187A-FF73-4194-972F-338B537104CD}"
EndProject
Project("{9A19103F-16F7-4668-BE54-9A1E7A4F7556}") = "VCM.Common", "src\VCM.Common\VCM.Common.csproj", "{3AF6571E-575C-4EC8-A13F-ED22D42FFA3C}"
EndProject
Project("{9A19103F-16F7-4668-BE54-9A1E7A4F7556}") = "VCM.Shared", "src\VCM.Shared\VCM.Shared.csproj", "{18A93210-225E-4881-BB13-D317E1CD23ED}"
EndProject
Project("{9A19103F-16F7-4668-BE54-9A1E7A4F7556}") = "WebApi.Partner", "src\WebApi.Partner\WebApi.Partner.csproj", "{286A31E4-D8C7-4130-9B97-34FEFAE35341}"
EndProject
Project("{9A19103F-16F7-4668-BE54-9A1E7A4F7556}") = "WebApi.PhucLong", "src\WebApi.PhucLong\WebApi.PhucLong.csproj", "{2F2E44C5-41A5-4B96-BB85-597D93E8B684}"
EndProject
Project("{9A19103F-16F7-4668-BE54-9A1E7A4F7556}") = "PhucLong.Interface.Central", "tools\PhucLong.Interface.Central\PhucLong.Interface.Central.csproj", "{C9A26D99-8A92-4146-AC27-0223F0A89FDE}"
EndProject
Project("{9A19103F-16F7-4668-BE54-9A1E7A4F7556}") = "PhucLong.Interface.Odoo", "tools\PhucLong.Interface.Odoo\PhucLong.Interface.Odoo.csproj", "{2BE65AC5-1790-4F59-97DE-701F75A73BD3}"
EndProject
Project("{9A19103F-16F7-4668-BE54-9A1E7A4F7556}") = "Tools.Common", "tools\Tools.Common\Tools.Common.csproj", "{CC98BD79-DE4C-45DC-B3C1-BB34DC6213E7}"
EndProject
Project("{9A19103F-16F7-4668-BE54-9A1E7A4F7556}") = "WebApi.PriceEngine", "src\WebApi.PriceEngine\WebApi.PriceEngine.csproj", "{D80531A5-51F3-4614-AAD9-61F6DE04A681}"
EndProject
Project("{9A19103F-16F7-4668-BE54-9A1E7A4F7556}") = "WebApi.Core", "src\WebApi.Core\WebApi.Core.csproj", "{0C42AE95-AA0F-4073-8E5C-8BA2329D29C8}"
EndProject
Project("{9A19103F-16F7-4668-BE54-9A1E7A4F7556}") = "Tools.PriceEngine", "tools\Tools.PriceEngine\Tools.PriceEngine.csproj", "{0CFDFBAC-29AE-4B8F-BB38-684D4F794C31}"
EndProject
Project("{9A19103F-16F7-4668-BE54-9A1E7A4F7556}") = "WCM.EntityFrameworkCore", "src\WCM.EntityFrameworkCore\WCM.EntityFrameworkCore.csproj", "{75C2B84F-2DF4-4693-9FE1-7AE113BF6761}"
EndProject
Project("{9A19103F-16F7-4668-BE54-9A1E7A4F7556}") = "Tools.Interface", "tools\Tools.Interface\Tools.Interface.csproj", "{91F81929-CB4B-4C3D-A333-1FEA1B3658EC}"
EndProject
Project("{9A19103F-16F7-4668-BE54-9A1E7A4F7556}") = "WebApi.DrWin", "src\WebApi.DrWin\WebApi.DrWin.csproj", "{4B20DD09-C647-4AAF-9112-65BC949059D6}"
EndProject
Project("{9A19103F-16F7-4668-BE54-9A1E7A4F7556}") = "Tools.Kafka.Service", "tools\Tools.Kafka.Service\Tools.Kafka.Service.csproj", "{2B658475-3DC3-4690-8FC9-F2FCAC6A0717}"
EndProject
Project("{2150E333-8FDC-42A3-9474-1A3956D46DE8}") = "Solution Items", "Solution Items", "{0959BD7B-24F4-4A28-A5C6-8DB691714B87}"
	ProjectSection(SolutionItems) = preProject
		.editorconfig = .editorconfig
	EndProjectSection
EndProject
Project("{FAE04EC0-301F-11D3-BF4B-00C04F79EFBC}") = "WebApi.InvoiceNumbering", "src\WebApi.InvoiceNumbering\WebApi.InvoiceNumbering.csproj", "{D7721055-C737-4D2D-86E5-7EAC721B5B84}"
EndProject
Global
	GlobalSection(SolutionConfigurationPlatforms) = preSolution
		Debug|Any CPU = Debug|Any CPU
		Release|Any CPU = Release|Any CPU
	EndGlobalSection
	GlobalSection(ProjectConfigurationPlatforms) = postSolution
		{3AF6571E-575C-4EC8-A13F-ED22D42FFA3C}.Debug|Any CPU.ActiveCfg = Debug|Any CPU
		{3AF6571E-575C-4EC8-A13F-ED22D42FFA3C}.Debug|Any CPU.Build.0 = Debug|Any CPU
		{3AF6571E-575C-4EC8-A13F-ED22D42FFA3C}.Release|Any CPU.ActiveCfg = Release|Any CPU
		{3AF6571E-575C-4EC8-A13F-ED22D42FFA3C}.Release|Any CPU.Build.0 = Release|Any CPU
		{18A93210-225E-4881-BB13-D317E1CD23ED}.Debug|Any CPU.ActiveCfg = Debug|Any CPU
		{18A93210-225E-4881-BB13-D317E1CD23ED}.Debug|Any CPU.Build.0 = Debug|Any CPU
		{18A93210-225E-4881-BB13-D317E1CD23ED}.Release|Any CPU.ActiveCfg = Release|Any CPU
		{18A93210-225E-4881-BB13-D317E1CD23ED}.Release|Any CPU.Build.0 = Release|Any CPU
		{286A31E4-D8C7-4130-9B97-34FEFAE35341}.Debug|Any CPU.ActiveCfg = Debug|Any CPU
		{286A31E4-D8C7-4130-9B97-34FEFAE35341}.Debug|Any CPU.Build.0 = Debug|Any CPU
		{286A31E4-D8C7-4130-9B97-34FEFAE35341}.Release|Any CPU.ActiveCfg = Release|Any CPU
		{286A31E4-D8C7-4130-9B97-34FEFAE35341}.Release|Any CPU.Build.0 = Release|Any CPU
		{2F2E44C5-41A5-4B96-BB85-597D93E8B684}.Debug|Any CPU.ActiveCfg = Debug|Any CPU
		{2F2E44C5-41A5-4B96-BB85-597D93E8B684}.Debug|Any CPU.Build.0 = Debug|Any CPU
		{2F2E44C5-41A5-4B96-BB85-597D93E8B684}.Release|Any CPU.ActiveCfg = Release|Any CPU
		{2F2E44C5-41A5-4B96-BB85-597D93E8B684}.Release|Any CPU.Build.0 = Release|Any CPU
		{C9A26D99-8A92-4146-AC27-0223F0A89FDE}.Debug|Any CPU.ActiveCfg = Debug|Any CPU
		{C9A26D99-8A92-4146-AC27-0223F0A89FDE}.Debug|Any CPU.Build.0 = Debug|Any CPU
		{C9A26D99-8A92-4146-AC27-0223F0A89FDE}.Release|Any CPU.ActiveCfg = Release|Any CPU
		{C9A26D99-8A92-4146-AC27-0223F0A89FDE}.Release|Any CPU.Build.0 = Release|Any CPU
		{2BE65AC5-1790-4F59-97DE-701F75A73BD3}.Debug|Any CPU.ActiveCfg = Debug|Any CPU
		{2BE65AC5-1790-4F59-97DE-701F75A73BD3}.Debug|Any CPU.Build.0 = Debug|Any CPU
		{2BE65AC5-1790-4F59-97DE-701F75A73BD3}.Release|Any CPU.ActiveCfg = Release|Any CPU
		{2BE65AC5-1790-4F59-97DE-701F75A73BD3}.Release|Any CPU.Build.0 = Release|Any CPU
		{CC98BD79-DE4C-45DC-B3C1-BB34DC6213E7}.Debug|Any CPU.ActiveCfg = Debug|Any CPU
		{CC98BD79-DE4C-45DC-B3C1-BB34DC6213E7}.Debug|Any CPU.Build.0 = Debug|Any CPU
		{CC98BD79-DE4C-45DC-B3C1-BB34DC6213E7}.Release|Any CPU.ActiveCfg = Release|Any CPU
		{CC98BD79-DE4C-45DC-B3C1-BB34DC6213E7}.Release|Any CPU.Build.0 = Release|Any CPU
		{D80531A5-51F3-4614-AAD9-61F6DE04A681}.Debug|Any CPU.ActiveCfg = Debug|Any CPU
		{D80531A5-51F3-4614-AAD9-61F6DE04A681}.Debug|Any CPU.Build.0 = Debug|Any CPU
		{D80531A5-51F3-4614-AAD9-61F6DE04A681}.Release|Any CPU.ActiveCfg = Release|Any CPU
		{D80531A5-51F3-4614-AAD9-61F6DE04A681}.Release|Any CPU.Build.0 = Release|Any CPU
		{0C42AE95-AA0F-4073-8E5C-8BA2329D29C8}.Debug|Any CPU.ActiveCfg = Debug|Any CPU
		{0C42AE95-AA0F-4073-8E5C-8BA2329D29C8}.Debug|Any CPU.Build.0 = Debug|Any CPU
		{0C42AE95-AA0F-4073-8E5C-8BA2329D29C8}.Release|Any CPU.ActiveCfg = Release|Any CPU
		{0C42AE95-AA0F-4073-8E5C-8BA2329D29C8}.Release|Any CPU.Build.0 = Release|Any CPU
		{0CFDFBAC-29AE-4B8F-BB38-684D4F794C31}.Debug|Any CPU.ActiveCfg = Debug|Any CPU
		{0CFDFBAC-29AE-4B8F-BB38-684D4F794C31}.Debug|Any CPU.Build.0 = Debug|Any CPU
		{0CFDFBAC-29AE-4B8F-BB38-684D4F794C31}.Release|Any CPU.ActiveCfg = Release|Any CPU
		{0CFDFBAC-29AE-4B8F-BB38-684D4F794C31}.Release|Any CPU.Build.0 = Release|Any CPU
		{75C2B84F-2DF4-4693-9FE1-7AE113BF6761}.Debug|Any CPU.ActiveCfg = Debug|Any CPU
		{75C2B84F-2DF4-4693-9FE1-7AE113BF6761}.Debug|Any CPU.Build.0 = Debug|Any CPU
		{75C2B84F-2DF4-4693-9FE1-7AE113BF6761}.Release|Any CPU.ActiveCfg = Release|Any CPU
		{75C2B84F-2DF4-4693-9FE1-7AE113BF6761}.Release|Any CPU.Build.0 = Release|Any CPU
		{91F81929-CB4B-4C3D-A333-1FEA1B3658EC}.Debug|Any CPU.ActiveCfg = Debug|Any CPU
		{91F81929-CB4B-4C3D-A333-1FEA1B3658EC}.Debug|Any CPU.Build.0 = Debug|Any CPU
		{91F81929-CB4B-4C3D-A333-1FEA1B3658EC}.Release|Any CPU.ActiveCfg = Release|Any CPU
		{91F81929-CB4B-4C3D-A333-1FEA1B3658EC}.Release|Any CPU.Build.0 = Release|Any CPU
		{4B20DD09-C647-4AAF-9112-65BC949059D6}.Debug|Any CPU.ActiveCfg = Debug|Any CPU
		{4B20DD09-C647-4AAF-9112-65BC949059D6}.Debug|Any CPU.Build.0 = Debug|Any CPU
		{4B20DD09-C647-4AAF-9112-65BC949059D6}.Release|Any CPU.ActiveCfg = Release|Any CPU
		{4B20DD09-C647-4AAF-9112-65BC949059D6}.Release|Any CPU.Build.0 = Release|Any CPU
		{2B658475-3DC3-4690-8FC9-F2FCAC6A0717}.Debug|Any CPU.ActiveCfg = Debug|Any CPU
		{2B658475-3DC3-4690-8FC9-F2FCAC6A0717}.Debug|Any CPU.Build.0 = Debug|Any CPU
		{2B658475-3DC3-4690-8FC9-F2FCAC6A0717}.Release|Any CPU.ActiveCfg = Release|Any CPU
		{2B658475-3DC3-4690-8FC9-F2FCAC6A0717}.Release|Any CPU.Build.0 = Release|Any CPU
		{D7721055-C737-4D2D-86E5-7EAC721B5B84}.Debug|Any CPU.ActiveCfg = Debug|Any CPU
		{D7721055-C737-4D2D-86E5-7EAC721B5B84}.Debug|Any CPU.Build.0 = Debug|Any CPU
		{D7721055-C737-4D2D-86E5-7EAC721B5B84}.Release|Any CPU.ActiveCfg = Release|Any CPU
		{D7721055-C737-4D2D-86E5-7EAC721B5B84}.Release|Any CPU.Build.0 = Release|Any CPU
	EndGlobalSection
	GlobalSection(SolutionProperties) = preSolution
		HideSolutionNode = FALSE
	EndGlobalSection
	GlobalSection(NestedProjects) = preSolution
		{3AF6571E-575C-4EC8-A13F-ED22D42FFA3C} = {7A400BEB-54D0-42BF-A233-FBB4FB75BD85}
		{18A93210-225E-4881-BB13-D317E1CD23ED} = {7A400BEB-54D0-42BF-A233-FBB4FB75BD85}
		{286A31E4-D8C7-4130-9B97-34FEFAE35341} = {7A400BEB-54D0-42BF-A233-FBB4FB75BD85}
		{2F2E44C5-41A5-4B96-BB85-597D93E8B684} = {7A400BEB-54D0-42BF-A233-FBB4FB75BD85}
		{C9A26D99-8A92-4146-AC27-0223F0A89FDE} = {C4F6187A-FF73-4194-972F-338B537104CD}
		{2BE65AC5-1790-4F59-97DE-701F75A73BD3} = {C4F6187A-FF73-4194-972F-338B537104CD}
		{CC98BD79-DE4C-45DC-B3C1-BB34DC6213E7} = {C4F6187A-FF73-4194-972F-338B537104CD}
		{D80531A5-51F3-4614-AAD9-61F6DE04A681} = {7A400BEB-54D0-42BF-A233-FBB4FB75BD85}
		{0C42AE95-AA0F-4073-8E5C-8BA2329D29C8} = {7A400BEB-54D0-42BF-A233-FBB4FB75BD85}
		{0CFDFBAC-29AE-4B8F-BB38-684D4F794C31} = {C4F6187A-FF73-4194-972F-338B537104CD}
		{75C2B84F-2DF4-4693-9FE1-7AE113BF6761} = {7A400BEB-54D0-42BF-A233-FBB4FB75BD85}
		{91F81929-CB4B-4C3D-A333-1FEA1B3658EC} = {C4F6187A-FF73-4194-972F-338B537104CD}
		{4B20DD09-C647-4AAF-9112-65BC949059D6} = {7A400BEB-54D0-42BF-A233-FBB4FB75BD85}
		{2B658475-3DC3-4690-8FC9-F2FCAC6A0717} = {C4F6187A-FF73-4194-972F-338B537104CD}
		{D7721055-C737-4D2D-86E5-7EAC721B5B84} = {7A400BEB-54D0-42BF-A233-FBB4FB75BD85}
	EndGlobalSection
	GlobalSection(ExtensibilityGlobals) = postSolution
		SolutionGuid = {57F45194-8A62-4AE4-9D62-5246A0608269}
	EndGlobalSection
EndGlobal
